
Microsoft Visual Studio Solution File, Format Version 12.00
# Visual Studio Version 17
VisualStudioVersion = 17.13.35931.197 d17.13
MinimumVisualStudioVersion = 10.0.40219.1
Project("{FAE04EC0-301F-11D3-BF4B-00C04F79EFBC}") = "sample", "sample\sample.csproj", "{D89DE740-E8E9-486A-B7B1-8720EC6C3765}"
EndProject
Global
	GlobalSection(SolutionConfigurationPlatforms) = preSolution
		Debug|Any CPU = Debug|Any CPU
		Release|Any CPU = Release|Any CPU
	EndGlobalSection
	GlobalSection(ProjectConfigurationPlatforms) = postSolution
		{D89DE740-E8E9-486A-B7B1-8720EC6C3765}.Debug|Any CPU.ActiveCfg = Debug|Any CPU
		{D89DE740-E8E9-486A-B7B1-8720EC6C3765}.Debug|Any CPU.Build.0 = Debug|Any CPU
		{D89DE740-E8E9-486A-B7B1-8720EC6C3765}.Release|Any CPU.ActiveCfg = Release|Any CPU
		{D89DE740-E8E9-486A-B7B1-8720EC6C3765}.Release|Any CPU.Build.0 = Release|Any CPU
	EndGlobalSection
	GlobalSection(SolutionProperties) = preSolution
		HideSolutionNode = FALSE
	EndGlobalSection
	GlobalSection(ExtensibilityGlobals) = postSolution
		SolutionGuid = {D15D7458-95F3-4B25-9032-E8D7BB531625}
	EndGlobalSection
EndGlobal
